<?xml version="1.0" encoding="utf-8"?>
<Project ToolsVersion="4.0" xmlns="http://schemas.microsoft.com/developer/msbuild/2003">
  <ItemGroup>
    <Filter Include="Source Files">
      <UniqueIdentifier>{4FC737F1-C7A5-4376-A066-2A32D752A2FF}</UniqueIdentifier>
      <Extensions>cpp;c;cc;cxx;def;odl;idl;hpj;bat;asm;asmx</Extensions>
    </Filter>
    <Filter Include="Header Files">
      <UniqueIdentifier>{93995380-89BD-4b04-88EB-625FBE52EBFB}</UniqueIdentifier>
      <Extensions>h;hpp;hxx;hm;inl;inc;xsd</Extensions>
    </Filter>
    <Filter Include="Resource Files">
      <UniqueIdentifier>{67DA6AB6-F800-4c08-8B7A-83BB121AAD01}</UniqueIdentifier>
      <Extensions>rc;ico;cur;bmp;dlg;rc2;rct;bin;rgs;gif;jpg;jpeg;jpe;resx;tiff;tif;png;wav;mfcribbon-ms</Extensions>
    </Filter>
    <Filter Include="Util Files">
      <UniqueIdentifier>{eb75f507-b013-46e9-b375-afb6dd4aa120}</UniqueIdentifier>
    </Filter>
    <Filter Include="Source Files\PetBMD">
      <UniqueIdentifier>{74caf15c-0cd8-430e-aaca-3f967783f82f}</UniqueIdentifier>
    </Filter>
    <Filter Include="Source Files\tooltip">
      <UniqueIdentifier>{bc788a88-55b6-42a3-9f19-a2849ef12a12}</UniqueIdentifier>
    </Filter>
    <Filter Include="Source Files\SelectMultiChar">
      <UniqueIdentifier>{2310b3d0-e183-41d8-b4a4-83eb19c2894c}</UniqueIdentifier>
    </Filter>
    <Filter Include="Source Files\MonsterGlow">
      <UniqueIdentifier>{87d17cd4-f608-413e-b3ff-8b5c4eb39e2a}</UniqueIdentifier>
    </Filter>
    <Filter Include="Source Files\SmithItem">
      <UniqueIdentifier>{6762504b-c863-4b58-9599-416b25bda109}</UniqueIdentifier>
    </Filter>
    <Filter Include="Source Files\MonsterHpBar">
      <UniqueIdentifier>{62ef27f3-e667-4281-b5cd-af4fea6ab7af}</UniqueIdentifier>
    </Filter>
    <Filter Include="Source Files\NoShadow">
      <UniqueIdentifier>{a4e6ebb8-98b0-4ca3-a773-5aa71b4546e3}</UniqueIdentifier>
    </Filter>
  </ItemGroup>
  <ItemGroup>
    <None Include="ReadMe.txt" />
    <None Include="icon1.ico">
      <Filter>Resource Files</Filter>
    </None>
  </ItemGroup>
  <ItemGroup>
    <ClInclude Include="stdafx.h">
      <Filter>Header Files</Filter>
    </ClInclude>
    <ClInclude Include="ThemidaSDK.h">
      <Filter>Header Files</Filter>
    </ClInclude>
    <ClInclude Include="..\..\Util\CCRC32.H">
      <Filter>Util Files</Filter>
    </ClInclude>
    <ClInclude Include="MemScript.h">
      <Filter>Header Files</Filter>
    </ClInclude>
    <ClInclude Include="resource.h">
      <Filter>Header Files</Filter>
    </ClInclude>
    <ClInclude Include="CustomPetEffect.h">
      <Filter>Source Files\PetBMD</Filter>
    </ClInclude>
    <ClInclude Include="CustomEffectDynamic.h">
      <Filter>Source Files</Filter>
    </ClInclude>
    <ClInclude Include="CustomWIngEffect.h">
      <Filter>Source Files</Filter>
    </ClInclude>
    <ClInclude Include="InfoLog.h">
      <Filter>Source Files</Filter>
    </ClInclude>
    <ClInclude Include="tooltipbuff.h">
      <Filter>Source Files\tooltip</Filter>
    </ClInclude>
    <ClInclude Include="cCPetRenderMesh.h">
      <Filter>Source Files\PetBMD</Filter>
    </ClInclude>
    <ClInclude Include="MultiSelect.h">
      <Filter>Source Files\SelectMultiChar</Filter>
    </ClInclude>
    <ClInclude Include="CustomBuyVip.h">
      <Filter>Header Files</Filter>
    </ClInclude>
    <ClInclude Include="CustomCloak.h">
      <Filter>Header Files</Filter>
    </ClInclude>
    <ClInclude Include="CustomCommandInfo.h">
      <Filter>Header Files</Filter>
    </ClInclude>
    <ClInclude Include="CustomCrossBow.h">
      <Filter>Header Files</Filter>
    </ClInclude>
    <ClInclude Include="CustomEventTimeText.h">
      <Filter>Header Files</Filter>
    </ClInclude>
    <ClInclude Include="CustomGloves.h">
      <Filter>Header Files</Filter>
    </ClInclude>
    <ClInclude Include="CustomItem.h">
      <Filter>Header Files</Filter>
    </ClInclude>
    <ClInclude Include="CustomItemPosition.h">
      <Filter>Header Files</Filter>
    </ClInclude>
    <ClInclude Include="CustomJewel.h">
      <Filter>Header Files</Filter>
    </ClInclude>
    <ClInclude Include="CustomMessage.h">
      <Filter>Header Files</Filter>
    </ClInclude>
    <ClInclude Include="CustomMonster.h">
      <Filter>Header Files</Filter>
    </ClInclude>
    <ClInclude Include="CustomNpcName.h">
      <Filter>Header Files</Filter>
    </ClInclude>
    <ClInclude Include="CustomPet.h">
      <Filter>Header Files</Filter>
    </ClInclude>
    <ClInclude Include="CustomWing.h">
      <Filter>Header Files</Filter>
    </ClInclude>
    <ClInclude Include="Fog.h">
      <Filter>Header Files</Filter>
    </ClInclude>
    <ClInclude Include="ItemManager.h">
      <Filter>Header Files</Filter>
    </ClInclude>
    <ClInclude Include="ItemValue.h">
      <Filter>Header Files</Filter>
    </ClInclude>
    <ClInclude Include="ModelEffect.h">
      <Filter>Header Files</Filter>
    </ClInclude>
    <ClInclude Include="SmokeEffect.h">
      <Filter>Header Files</Filter>
    </ClInclude>
    <ClInclude Include="CustomEffectRemake.h">
      <Filter>Header Files</Filter>
    </ClInclude>
    <ClInclude Include="LuckyWheel.h">
      <Filter>Header Files</Filter>
    </ClInclude>
    <ClInclude Include="ItemTooltip.h">
      <Filter>Header Files</Filter>
    </ClInclude>
    <ClInclude Include="EarthQuake.h">
      <Filter>Header Files</Filter>
    </ClInclude>
    <ClInclude Include="CustomMonsterGlow.h">
      <Filter>Source Files\MonsterGlow</Filter>
    </ClInclude>
    <ClInclude Include="MonsterEffect.h">
      <Filter>Source Files\MonsterGlow</Filter>
    </ClInclude>
    <ClInclude Include="CSmithItem.h">
      <Filter>Source Files\SmithItem</Filter>
    </ClInclude>
    <ClInclude Include="MonsterHpBar.h">
      <Filter>Source Files\MonsterHpBar</Filter>
    </ClInclude>
    <ClInclude Include="NoShadow.h">
      <Filter>Source Files\NoShadow</Filter>
    </ClInclude>
  </ItemGroup>
  <ItemGroup>
    <ClCompile Include="stdafx.cpp">
      <Filter>Source Files</Filter>
    </ClCompile>
    <ClCompile Include="..\..\Util\CCRC32.Cpp">
      <Filter>Util Files</Filter>
    </ClCompile>
    <ClCompile Include="MemScript.cpp">
      <Filter>Source Files</Filter>
    </ClCompile>
    <ClCompile Include="CustomPetEffect.cpp">
      <Filter>Source Files\PetBMD</Filter>
    </ClCompile>
    <ClCompile Include="EncryptBMD.cpp">
      <Filter>Source Files</Filter>
    </ClCompile>
    <ClCompile Include="CustomEffectDynamic.cpp">
      <Filter>Source Files</Filter>
    </ClCompile>
    <ClCompile Include="CustomWIngEffect.cpp">
      <Filter>Source Files</Filter>
    </ClCompile>
    <ClCompile Include="InfoLog.cpp">
      <Filter>Source Files</Filter>
    </ClCompile>
    <ClCompile Include="tooltipbuff.cpp">
      <Filter>Source Files\tooltip</Filter>
    </ClCompile>
    <ClCompile Include="cCPetRenderMesh.cpp">
      <Filter>Source Files\PetBMD</Filter>
    </ClCompile>
    <ClCompile Include="MultiSelect.cpp">
      <Filter>Source Files\SelectMultiChar</Filter>
    </ClCompile>
    <ClCompile Include="CustomBuyVip.cpp">
      <Filter>Source Files</Filter>
    </ClCompile>
    <ClCompile Include="CustomCloak.cpp">
      <Filter>Source Files</Filter>
    </ClCompile>
    <ClCompile Include="CustomCommandInfo.cpp">
      <Filter>Source Files</Filter>
    </ClCompile>
    <ClCompile Include="CustomCrossBow.cpp">
      <Filter>Source Files</Filter>
    </ClCompile>
    <ClCompile Include="CustomEventTimeText.cpp">
      <Filter>Source Files</Filter>
    </ClCompile>
    <ClCompile Include="CustomGloves.cpp">
      <Filter>Source Files</Filter>
    </ClCompile>
    <ClCompile Include="CustomItem.cpp">
      <Filter>Source Files</Filter>
    </ClCompile>
    <ClCompile Include="CustomItemPosition.cpp">
      <Filter>Source Files</Filter>
    </ClCompile>
    <ClCompile Include="CustomJewel.cpp">
      <Filter>Source Files</Filter>
    </ClCompile>
    <ClCompile Include="CustomMessage.cpp">
      <Filter>Source Files</Filter>
    </ClCompile>
    <ClCompile Include="CustomMonster.cpp">
      <Filter>Source Files</Filter>
    </ClCompile>
    <ClCompile Include="CustomNpcName.cpp">
      <Filter>Source Files</Filter>
    </ClCompile>
    <ClCompile Include="CustomPet.cpp">
      <Filter>Source Files</Filter>
    </ClCompile>
    <ClCompile Include="CustomWing.cpp">
      <Filter>Source Files</Filter>
    </ClCompile>
    <ClCompile Include="Fog.cpp">
      <Filter>Source Files</Filter>
    </ClCompile>
    <ClCompile Include="ItemManager.cpp">
      <Filter>Source Files</Filter>
    </ClCompile>
    <ClCompile Include="ItemValue.cpp">
      <Filter>Source Files</Filter>
    </ClCompile>
    <ClCompile Include="ModelEffect.cpp">
      <Filter>Source Files</Filter>
    </ClCompile>
    <ClCompile Include="SmokeEffect.cpp">
      <Filter>Source Files</Filter>
    </ClCompile>
    <ClCompile Include="CustomEffectRemake.cpp">
      <Filter>Source Files</Filter>
    </ClCompile>
    <ClCompile Include="LuckyWheel.cpp">
      <Filter>Source Files</Filter>
    </ClCompile>
    <ClCompile Include="ItemTooltip.cpp">
      <Filter>Source Files</Filter>
    </ClCompile>
    <ClCompile Include="CustomMonsterGlow.cpp">
      <Filter>Source Files\MonsterGlow</Filter>
    </ClCompile>
    <ClCompile Include="MonsterEffect.cpp">
      <Filter>Source Files\MonsterGlow</Filter>
    </ClCompile>
    <ClCompile Include="EarthQuake.cpp">
      <Filter>Source Files</Filter>
    </ClCompile>
    <ClCompile Include="CSmithItem.cpp">
      <Filter>Source Files\SmithItem</Filter>
    </ClCompile>
    <ClCompile Include="MonsterHpBar.cpp">
      <Filter>Source Files\MonsterHpBar</Filter>
    </ClCompile>
    <ClCompile Include="NoShadow.cpp">
      <Filter>Source Files\NoShadow</Filter>
    </ClCompile>
  </ItemGroup>
  <ItemGroup>
    <ResourceCompile Include="EncryptBMD.rc">
      <Filter>Resource Files</Filter>
    </ResourceCompile>
  </ItemGroup>
</Project>